
Microsoft Visual Studio Solution File, Format Version 12.00
# Visual Studio Version 16
VisualStudioVersion = 16.0.31911.196
MinimumVisualStudioVersion = 10.0.40219.1
Project("{FAE04EC0-301F-11D3-BF4B-00C04F79EFBC}") = "workshop1", "workshop1.csproj", "{C9780D27-ED8D-4E38-A586-0FA3C8027A85}"
EndProject
Global
	GlobalSection(SolutionConfigurationPlatforms) = preSolution
		Debug|Any CPU = Debug|Any CPU
		Release|Any CPU = Release|Any CPU
	EndGlobalSection
	GlobalSection(ProjectConfigurationPlatforms) = postSolution
		{C9780D27-ED8D-4E38-A586-0FA3C8027A85}.Debug|Any CPU.ActiveCfg = Debug|Any CPU
		{C9780D27-ED8D-4E38-A586-0FA3C8027A85}.Debug|Any CPU.Build.0 = Debug|Any CPU
		{C9780D27-ED8D-4E38-A586-0FA3C8027A85}.Release|Any CPU.ActiveCfg = Release|Any CPU
		{C9780D27-ED8D-4E38-A586-0FA3C8027A85}.Release|Any CPU.Build.0 = Release|Any CPU
	EndGlobalSection
	GlobalSection(SolutionProperties) = preSolution
		HideSolutionNode = FALSE
	EndGlobalSection
	GlobalSection(ExtensibilityGlobals) = postSolution
		SolutionGuid = {E1075A8A-DD18-4DE3-B249-6E971B0B8E65}
	EndGlobalSection
EndGlobal
